
Microsoft Visual Studio Solution File, Format Version 12.00
# Visual Studio 15
VisualStudioVersion = 15.0.27428.2015
MinimumVisualStudioVersion = 10.0.40219.1
Project("{FAE04EC0-301F-11D3-BF4B-00C04F79EFBC}") = "WpfApp1", "WpfApp1\WpfApp1.csproj", "{02BA2371-21DF-41E1-9F73-38A32F8EFD9F}"
EndProject
Global
	GlobalSection(SolutionConfigurationPlatforms) = preSolution
		Debug|Any CPU = Debug|Any CPU
		Release|Any CPU = Release|Any CPU
	EndGlobalSection
	GlobalSection(ProjectConfigurationPlatforms) = postSolution
		{02BA2371-21DF-41E1-9F73-38A32F8EFD9F}.Debug|Any CPU.ActiveCfg = Debug|Any CPU
		{02BA2371-21DF-41E1-9F73-38A32F8EFD9F}.Debug|Any CPU.Build.0 = Debug|Any CPU
		{02BA2371-21DF-41E1-9F73-38A32F8EFD9F}.Release|Any CPU.ActiveCfg = Release|Any CPU
		{02BA2371-21DF-41E1-9F73-38A32F8EFD9F}.Release|Any CPU.Build.0 = Release|Any CPU
	EndGlobalSection
	GlobalSection(SolutionProperties) = preSolution
		HideSolutionNode = FALSE
	EndGlobalSection
	GlobalSection(ExtensibilityGlobals) = postSolution
		SolutionGuid = {A0A93081-75FC-4A9A-9CE7-0C79E000997D}
	EndGlobalSection
EndGlobal
